dependencies:
- name: redis
  repository: https://charts.bitnami.com/bitnami
  version: 22.0.7
- name: postgresql
  repository: https://charts.bitnami.com/bitnami
  version: 18.11.3
- name: mariadb
  repository: https://charts.bitnami.com/bitnami
  version: 22.0.0
digest: sha256:c9ad1d6b9dc45bb4cf97217c9084d5260f11057e633bdf88a694aac719163282
generated: "2026-09-15T10:54:46.7981442Z"
